// !$*UTF8*$!
{
	archiveVersion = 1;
	classes = {
	};
	objectVersion = 46;
	objects = {

/* Begin PBXBuildFile section */
		9DA247071BA5EDE600088013 /* main.m in Sources */ = {isa = PBXBuildFile; fileRef = 9DA247061BA5EDE600088013 /* main.m */; };
		9DA2470A1BA5EDE600088013 /* AppDelegate.m in Sources */ = {isa = PBXBuildFile; fileRef = 9DA247091BA5EDE600088013 /* AppDelegate.m */; };
		9DA2470D1BA5EDE600088013 /* ViewController.m in Sources */ = {isa = PBXBuildFile; fileRef = 9DA2470C1BA5EDE600088013 /* ViewController.m */; };
		9DA247121BA5EDE600088013 /* Images.xcassets in Resources */ = {isa = PBXBuildFile; fileRef = 9DA247111BA5EDE600088013 /* Images.xcassets */; };
		9DA247151BA5EDE600088013 /* LaunchScreen.xib in Resources */ = {isa = PBXBuildFile; fileRef = 9DA247131BA5EDE600088013 /* LaunchScreen.xib */; };
		9DA247211BA5EDE700088013 /* FireflyAppTests.m in Sources */ = {isa = PBXBuildFile; fileRef = 9DA247201BA5EDE700088013 /* FireflyAppTests.m */; };
/* End PBXBuildFile section */

/* Begin PBXContainerItemProxy section */
		9DA2471B1BA5EDE600088013 /* PBXContainerItemProxy */ = {
			isa = PBXContainerItemProxy;
			containerPortal = 9DA246F91BA5EDE600088013 /* Project object */;
			proxyType = 1;
			remoteGlobalIDString = 9DA247001BA5EDE600088013;
			remoteInfo = FireflyApp;
		};
/* End PBXContainerItemProxy section */

/* Begin PBXFileReference section */
		9DA247011BA5EDE600088013 /* FireflyApp.app */ = {isa = PBXFileReference; explicitFileType = wrapper.application; includeInIndex = 0; path = FireflyApp.app; sourceTree = BUILT_PRODUCTS_DIR; };
		9DA247051BA5EDE600088013 /* Info.plist */ = {isa = PBXFileReference; lastKnownFileType = text.plist.xml; path = Info.plist; sourceTree = "<group>"; };
		9DA247061BA5EDE600088013 /* main.m */ = {isa = PBXFileReference; lastKnownFileType = sourcecode.c.objc; path = main.m; sourceTree = "<group>"; };
		9DA247081BA5EDE600088013 /* AppDelegate.h */ = {isa = PBXFileReference; lastKnownFileType = sourcecode.c.h; path = AppDelegate.h; sourceTree = "<group>"; };
		9DA247091BA5EDE600088013 /* AppDelegate.m */ = {isa = PBXFileReference; lastKnownFileType = sourcecode.c.objc; path = AppDelegate.m; sourceTree = "<group>"; };
		9DA2470B1BA5EDE600088013 /* ViewController.h */ = {isa = PBXFileReference; lastKnownFileType = sourcecode.c.h; path = ViewController.h; sourceTree = "<group>"; };
		9DA2470C1BA5EDE600088013 /* ViewController.m */ = {isa = PBXFileReference; lastKnownFileType = sourcecode.c.objc; path = ViewController.m; sourceTree = "<group>"; };
		9DA247111BA5EDE600088013 /* Images.xcassets */ = {isa = PBXFileReference; lastKnownFileType = folder.assetcatalog; path = Images.xcassets; sourceTree = "<group>"; };
		9DA247141BA5EDE600088013 /* Base */ = {isa = PBXFileReference; lastKnownFileType = file.xib; name = Base; path = Base.lproj/LaunchScreen.xib; sourceTree = "<group>"; };
		9DA2471A1BA5EDE600088013 /* FireflyAppTests.xctest */ = {isa = PBXFileReference; explicitFileType = wrapper.cfbundle; includeInIndex = 0; path = FireflyAppTests.xctest; sourceTree = BUILT_PRODUCTS_DIR; };
		9DA2471F1BA5EDE600088013 /* Info.plist */ = {isa = PBXFileReference; lastKnownFileType = text.plist.xml; path = Info.plist; sourceTree = "<group>"; };
		9DA247201BA5EDE700088013 /* FireflyAppTests.m */ = {isa = PBXFileReference; lastKnownFileType = sourcecode.c.objc; path = FireflyAppTests.m; sourceTree = "<group>"; };
/* End PBXFileReference section */

/* Begin PBXFrameworksBuildPhase section */
		9DA246FE1BA5EDE600088013 /* Frameworks */ = {
			isa = PBXFrameworksBuildPhase;
			buildActionMask = 2147483647;
			files = (
			);
			runOnlyForDeploymentPostprocessing = 0;
		};
		9DA247171BA5EDE600088013 /* Frameworks */ = {
			isa = PBXFrameworksBuildPhase;
			buildActionMask = 2147483647;
			files = (
			);
			runOnlyForDeploymentPostprocessing = 0;
		};
/* End PBXFrameworksBuildPhase section */

/* Begin PBXGroup section */
		9DA246F81BA5EDE600088013 = {
			isa = PBXGroup;
			children = (
				9DA247031BA5EDE600088013 /* FireflyApp */,
				9DA2471D1BA5EDE600088013 /* FireflyAppTests */,
				9DA247021BA5EDE600088013 /* Products */,
			);
			sourceTree = "<group>";
		};
		9DA247021BA5EDE600088013 /* Products */ = {
			isa = PBXGroup;
			children = (
				9DA247011BA5EDE600088013 /* FireflyApp.app */,
				9DA2471A1BA5EDE600088013 /* FireflyAppTests.xctest */,
			);
			name = Products;
			sourceTree = "<group>";
		};
		9DA247031BA5EDE600088013 /* FireflyApp */ = {
			isa = PBXGroup;
			children = (
				9DA247081BA5EDE600088013 /* AppDelegate.h */,
				9DA247091BA5EDE600088013 /* AppDelegate.m */,
				9DA2470B1BA5EDE600088013 /* ViewController.h */,
				9DA2470C1BA5EDE600088013 /* ViewController.m */,
				9DA247111BA5EDE600088013 /* Images.xcassets */,
				9DA247131BA5EDE600088013 /* LaunchScreen.xib */,
				9DA247041BA5EDE600088013 /* Supporting Files */,
			);
			path = FireflyApp;
			sourceTree = "<group>";
		};
		9DA247041BA5EDE600088013 /* Supporting Files */ = {
			isa = PBXGroup;
			children = (
				9DA247051BA5EDE600088013 /* Info.plist */,
				9DA247061BA5EDE600088013 /* main.m */,
			);
			name = "Supporting Files";
			sourceTree = "<group>";
		};
		9DA2471D1BA5EDE600088013 /* FireflyAppTests */ = {
			isa = PBXGroup;
			children = (
				9DA247201BA5EDE700088013 /* FireflyAppTests.m */,
				9DA2471E1BA5EDE600088013 /* Supporting Files */,
			);
			path = FireflyAppTests;
			sourceTree = "<group>";
		};
		9DA2471E1BA5EDE600088013 /* Supporting Files */ = {
			isa = PBXGroup;
			children = (
				9DA2471F1BA5EDE600088013 /* Info.plist */,
			);
			name = "Supporting Files";
			sourceTree = "<group>";
		};
/* End PBXGroup section */

/* Begin PBXNativeTarget section */
		9DA247001BA5EDE600088013 /* FireflyApp */ = {
			isa = PBXNativeTarget;
			buildConfigurationList = 9DA247241BA5EDE700088013 /* Build configuration list for PBXNativeTarget "FireflyApp" */;
			buildPhases = (
				9DA246FD1BA5EDE600088013 /* Sources */,
				9DA246FE1BA5EDE600088013 /* Frameworks */,
				9DA246FF1BA5EDE600088013 /* Resources */,
			);
			buildRules = (
			);
			dependencies = (
			);
			name = FireflyApp;
			productName = FireflyApp;
			productReference = 9DA247011BA5EDE600088013 /* FireflyApp.app */;
			productType = "com.apple.product-type.application";
		};
		9DA247191BA5EDE600088013 /* FireflyAppTests */ = {
			isa = PBXNativeTarget;
			buildConfigurationList = 9DA247271BA5EDE700088013 /* Build configuration list for PBXNativeTarget "FireflyAppTests" */;
			buildPhases = (
				9DA247161BA5EDE600088013 /* Sources */,
				9DA247171BA5EDE600088013 /* Frameworks */,
				9DA247181BA5EDE600088013 /* Resources */,
			);
			buildRules = (
			);
			dependencies = (
				9DA2471C1BA5EDE600088013 /* PBXTargetDependency */,
			);
			name = FireflyAppTests;
			productName = FireflyAppTests;
			productReference = 9DA2471A1BA5EDE600088013 /* FireflyAppTests.xctest */;
			productType = "com.apple.product-type.bundle.unit-test";
		};
/* End PBXNativeTarget section */

/* Begin PBXProject section */
		9DA246F91BA5EDE600088013 /* Project object */ = {
			isa = PBXProject;
			attributes = {
				LastUpgradeCheck = 0630;
				ORGANIZATIONNAME = Black_Shark;
				TargetAttributes = {
					9DA247001BA5EDE600088013 = {
						CreatedOnToolsVersion = 6.3.1;
					};
					9DA247191BA5EDE600088013 = {
						CreatedOnToolsVersion = 6.3.1;
						TestTargetID = 9DA247001BA5EDE600088013;
					};
				};
			};
			buildConfigurationList = 9DA246FC1BA5EDE600088013 /* Build configuration list for PBXProject "FireflyApp" */;
			compatibilityVersion = "Xcode 3.2";
			developmentRegion = English;
			hasScannedForEncodings = 0;
			knownRegions = (
				en,
				Base,
			);
			mainGroup = 9DA246F81BA5EDE600088013;
			productRefGroup = 9DA247021BA5EDE600088013 /* Products */;
			projectDirPath = "";
			projectRoot = "";
			targets = (
				9DA247001BA5EDE600088013 /* FireflyApp */,
				9DA247191BA5EDE600088013 /* FireflyAppTests */,
			);
		};
/* End PBXProject section */

/* Begin PBXResourcesBuildPhase section */
		9DA246FF1BA5EDE600088013 /* Resources */ = {
			isa = PBXResourcesBuildPhase;
			buildActionMask = 2147483647;
			files = (
				9DA247151BA5EDE600088013 /* LaunchScreen.xib in Resources */,
				9DA247121BA5EDE600088013 /* Images.xcassets in Resources */,
			);
			runOnlyForDeploymentPostprocessing = 0;
		};
		9DA247181BA5EDE600088013 /* Resources */ = {
			isa = PBXResourcesBuildPhase;
			buildActionMask = 2147483647;
			files = (
			);
			runOnlyForDeploymentPostprocessing = 0;
		};
/* End PBXResourcesBuildPhase section */

/* Begin PBXSourcesBuildPhase section */
		9DA246FD1BA5EDE600088013 /* Sources */ = {
			isa = PBXSourcesBuildPhase;
			buildActionMask = 2147483647;
			files = (
				9DA2470D1BA5EDE600088013 /* ViewController.m in Sources */,
				9DA2470A1BA5EDE600088013 /* AppDelegate.m in Sources */,
				9DA247071BA5EDE600088013 /* main.m in Sources */,
			);
			runOnlyForDeploymentPostprocessing = 0;
		};
		9DA247161BA5EDE600088013 /* Sources */ = {
			isa = PBXSourcesBuildPhase;
			buildActionMask = 2147483647;
			files = (
				9DA247211BA5EDE700088013 /* FireflyAppTests.m in Sources */,
			);
			runOnlyForDeploymentPostprocessing = 0;
		};
/* End PBXSourcesBuildPhase section */

/* Begin PBXTargetDependency section */
		9DA2471C1BA5EDE600088013 /* PBXTargetDependency */ = {
			isa = PBXTargetDependency;
			target = 9DA247001BA5EDE600088013 /* FireflyApp */;
			targetProxy = 9DA2471B1BA5EDE600088013 /* PBXContainerItemProxy */;
		};
/* End PBXTargetDependency section */

/* Begin PBXVariantGroup section */
		9DA247131BA5EDE600088013 /* LaunchScreen.xib */ = {
			isa = PBXVariantGroup;
			children = (
				9DA247141BA5EDE600088013 /* Base */,
			);
			name = LaunchScreen.xib;
			sourceTree = "<group>";
		};
/* End PBXVariantGroup section */

/* Begin XCBuildConfiguration section */
		9DA247221BA5EDE700088013 /* Debug */ = {
			isa = XCBuildConfiguration;
			buildSettings = {
				ALWAYS_SEARCH_USER_PATHS = NO;
				CLANG_CXX_LANGUAGE_STANDARD = "gnu++0x";
				CLANG_CXX_LIBRARY = "libc++";
				CLANG_ENABLE_MODULES = YES;
				CLANG_ENABLE_OBJC_ARC = YES;
				CLANG_WARN_BOOL_CONVERSION = YES;
				CLANG_WARN_CONSTANT_CONVERSION = YES;
				CLANG_WARN_DIRECT_OBJC_ISA_USAGE = YES_ERROR;
				CLANG_WARN_EMPTY_BODY = YES;
				CLANG_WARN_ENUM_CONVERSION = YES;
				CLANG_WARN_INT_CONVERSION = YES;
				CLANG_WARN_OBJC_ROOT_CLASS = YES_ERROR;
				CLANG_WARN_UNREACHABLE_CODE = YES;
				CLANG_WARN__DUPLICATE_METHOD_MATCH = YES;
				"CODE_SIGN_IDENTITY[sdk=iphoneos*]" = "iPhone Developer";
				COPY_PHASE_STRIP = NO;
				DEBUG_INFORMATION_FORMAT = "dwarf-with-dsym";
				ENABLE_STRICT_OBJC_MSGSEND = YES;
				GCC_C_LANGUAGE_STANDARD = gnu99;
				GCC_DYNAMIC_NO_PIC = NO;
				GCC_NO_COMMON_BLOCKS = YES;
				GCC_OPTIMIZATION_LEVEL = 0;
				GCC_PREPROCESSOR_DEFINITIONS = (
					"DEBUG=1",
					"$(inherited)",
				);
				GCC_SYMBOLS_PRIVATE_EXTERN = NO;
				GCC_WARN_64_TO_32_BIT_CONVERSION = YES;
				GCC_WARN_ABOUT_RETURN_TYPE = YES_ERROR;
				GCC_WARN_UNDECLARED_SELECTOR = YES;
				GCC_WARN_UNINITIALIZED_AUTOS = YES_AGGRESSIVE;
				GCC_WARN_UNUSED_FUNCTION = YES;
				GCC_WARN_UNUSED_VARIABLE = YES;
				IPHONEOS_DEPLOYMENT_TARGET = 8.3;
				MTL_ENABLE_DEBUG_INFO = YES;
				ONLY_ACTIVE_ARCH = YES;
				SDKROOT = iphoneos;
			};
			name = Debug;
		};
		9DA247231BA5EDE700088013 /* Release */ = {
			isa = XCBuildConfiguration;
			buildSettings = {
				ALWAYS_SEARCH_USER_PATHS = NO;
				CLANG_CXX_LANGUAGE_STANDARD = "gnu++0x";
				CLANG_CXX_LIBRARY = "libc++";
				CLANG_ENABLE_MODULES = YES;
				CLANG_ENABLE_OBJC_ARC = YES;
				CLANG_WARN_BOOL_CONVERSION = YES;
				CLANG_WARN_CONSTANT_CONVERSION = YES;
				CLANG_WARN_DIRECT_OBJC_ISA_USAGE = YES_ERROR;
				CLANG_WARN_EMPTY_BODY = YES;
				CLANG_WARN_ENUM_CONVERSION = YES;
				CLANG_WARN_INT_CONVERSION = YES;
				CLANG_WARN_OBJC_ROOT_CLASS = YES_ERROR;
				CLANG_WARN_UNREACHABLE_CODE = YES;
				CLANG_WARN__DUPLICATE_METHOD_MATCH = YES;
				"CODE_SIGN_IDENTITY[sdk=iphoneos*]" = "iPhone Developer";
				COPY_PHASE_STRIP = NO;
				DEBUG_INFORMATION_FORMAT = "dwarf-with-dsym";
				ENABLE_NS_ASSERTIONS = NO;
				ENABLE_STRICT_OBJC_MSGSEND = YES;
				GCC_C_LANGUAGE_STANDARD = gnu99;
				GCC_NO_COMMON_BLOCKS = YES;
				GCC_WARN_64_TO_32_BIT_CONVERSION = YES;
				GCC_WARN_ABOUT_RETURN_TYPE = YES_ERROR;
				GCC_WARN_UNDECLARED_SELECTOR = YES;
				GCC_WARN_UNINITIALIZED_AUTOS = YES_AGGRESSIVE;
				GCC_WARN_UNUSED_FUNCTION = YES;
				GCC_WARN_UNUSED_VARIABLE = YES;
				IPHONEOS_DEPLOYMENT_TARGET = 8.3;
				MTL_ENABLE_DEBUG_INFO = NO;
				SDKROOT = iphoneos;
				VALIDATE_PRODUCT = YES;
			};
			name = Release;
		};
		9DA247251BA5EDE700088013 /* Debug */ = {
			isa = XCBuildConfiguration;
			buildSettings = {
				ASSETCATALOG_COMPILER_APPICON_NAME = AppIcon;
				INFOPLIST_FILE = FireflyApp/Info.plist;
				LD_RUNPATH_SEARCH_PATHS = "$(inherited) @executable_path/Frameworks";
				PRODUCT_NAME = "$(TARGET_NAME)";
			};
			name = Debug;
		};
		9DA247261BA5EDE700088013 /* Release */ = {
			isa = XCBuildConfiguration;
			buildSettings = {
				ASSETCATALOG_COMPILER_APPICON_NAME = AppIcon;
				INFOPLIST_FILE = FireflyApp/Info.plist;
				LD_RUNPATH_SEARCH_PATHS = "$(inherited) @executable_path/Frameworks";
				PRODUCT_NAME = "$(TARGET_NAME)";
			};
			name = Release;
		};
		9DA247281BA5EDE700088013 /* Debug */ = {
			isa = XCBuildConfiguration;
			buildSettings = {
				BUNDLE_LOADER = "$(TEST_HOST)";
				FRAMEWORK_SEARCH_PATHS = (
					"$(SDKROOT)/Developer/Library/Frameworks",
					"$(inherited)",
				);
				GCC_PREPROCESSOR_DEFINITIONS = (
					"DEBUG=1",
					"$(inherited)",
				);
				INFOPLIST_FILE = FireflyAppTests/Info.plist;
				LD_RUNPATH_SEARCH_PATHS = "$(inherited) @executable_path/Frameworks @loader_path/Frameworks";
				PRODUCT_NAME = "$(TARGET_NAME)";
				TEST_HOST = "$(BUILT_PRODUCTS_DIR)/FireflyApp.app/FireflyApp";
			};
			name = Debug;
		};
		9DA247291BA5EDE700088013 /* Release */ = {
			isa = XCBuildConfiguration;
			buildSettings = {
				BUNDLE_LOADER = "$(TEST_HOST)";
				FRAMEWORK_SEARCH_PATHS = (
					"$(SDKROOT)/Developer/Library/Frameworks",
					"$(inherited)",
				);
				INFOPLIST_FILE = FireflyAppTests/Info.plist;
				LD_RUNPATH_SEARCH_PATHS = "$(inherited) @executable_path/Frameworks @loader_path/Frameworks";
				PRODUCT_NAME = "$(TARGET_NAME)";
				TEST_HOST = "$(BUILT_PRODUCTS_DIR)/FireflyApp.app/FireflyApp";
			};
			name = Release;
		};
/* End XCBuildConfiguration section */

/* Begin XCConfigurationList section */
		9DA246FC1BA5EDE600088013 /* Build configuration list for PBXProject "FireflyApp" */ = {
			isa = XCConfigurationList;
			buildConfigurations = (
				9DA247221BA5EDE700088013 /* Debug */,
				9DA247231BA5EDE700088013 /* Release */,
			);
			defaultConfigurationIsVisible = 0;
			defaultConfigurationName = Release;
		};
		9DA247241BA5EDE700088013 /* Build configuration list for PBXNativeTarget "FireflyApp" */ = {
			isa = XCConfigurationList;
			buildConfigurations = (
				9DA247251BA5EDE700088013 /* Debug */,
				9DA247261BA5EDE700088013 /* Release */,
			);
			defaultConfigurationIsVisible = 0;
		};
		9DA247271BA5EDE700088013 /* Build configuration list for PBXNativeTarget "FireflyAppTests" */ = {
			isa = XCConfigurationList;
			buildConfigurations = (
				9DA247281BA5EDE700088013 /* Debug */,
				9DA247291BA5EDE700088013 /* Release */,
			);
			defaultConfigurationIsVisible = 0;
		};
/* End XCConfigurationList section */
	};
	rootObject = 9DA246F91BA5EDE600088013 /* Project object */;
}
