// !$*UTF8*$!
{
	archiveVersion = 1;
	classes = {
	};
	objectVersion = 46;
	objects = {

/* Begin PBXBuildFile section */
		266AA2823C6DEC3E5DA8AB47 /* libPods-FireflyAppTests.a in Frameworks */ = {isa = PBXBuildFile; fileRef = 05A51A995421BD96BBCD00BA /* libPods-FireflyAppTests.a */; };
		9D19A3E71BB11E4B000D3C07 /* AppDelegateSpec.mm in Sources */ = {isa = PBXBuildFile; fileRef = 9D19A3E61BB11E4B000D3C07 /* AppDelegateSpec.mm */; };
		9D19A3E91BB11EC5000D3C07 /* FireflyClientSpec.mm in Sources */ = {isa = PBXBuildFile; fileRef = 9D19A3E81BB11EC5000D3C07 /* FireflyClientSpec.mm */; };
		9D1FD19E1BB27B0900577EB7 /* SignInControllerSpec.mm in Sources */ = {isa = PBXBuildFile; fileRef = 9D1FD19D1BB27B0900577EB7 /* SignInControllerSpec.mm */; };
		9D698B9C1BE1F211004014A1 /* server.cer in Resources */ = {isa = PBXBuildFile; fileRef = 9D698B9B1BE1F211004014A1 /* server.cer */; };
		9DA247071BA5EDE600088013 /* main.m in Sources */ = {isa = PBXBuildFile; fileRef = 9DA247061BA5EDE600088013 /* main.m */; };
		9DA2470A1BA5EDE600088013 /* AppDelegate.m in Sources */ = {isa = PBXBuildFile; fileRef = 9DA247091BA5EDE600088013 /* AppDelegate.m */; };
		9DA2470D1BA5EDE600088013 /* SignInController.m in Sources */ = {isa = PBXBuildFile; fileRef = 9DA2470C1BA5EDE600088013 /* SignInController.m */; };
		9DA247121BA5EDE600088013 /* Images.xcassets in Resources */ = {isa = PBXBuildFile; fileRef = 9DA247111BA5EDE600088013 /* Images.xcassets */; };
		9DA247151BA5EDE600088013 /* LaunchScreen.xib in Resources */ = {isa = PBXBuildFile; fileRef = 9DA247131BA5EDE600088013 /* LaunchScreen.xib */; };
		9DA2472E1BA5F2E400088013 /* FireflyClient.m in Sources */ = {isa = PBXBuildFile; fileRef = 9DA2472D1BA5F2E400088013 /* FireflyClient.m */; };
		9DA531C51C2C542C008BECCA /* Settings.bundle in Resources */ = {isa = PBXBuildFile; fileRef = 9DA531C41C2C542C008BECCA /* Settings.bundle */; };
		9DDE31201C13CA1900245408 /* MapScreenController.m in Sources */ = {isa = PBXBuildFile; fileRef = 9DDE311F1C13CA1900245408 /* MapScreenController.m */; };
		9DDE31261C15EC1200245408 /* StandardSegue.m in Sources */ = {isa = PBXBuildFile; fileRef = 9DDE31251C15EC1200245408 /* StandardSegue.m */; };
		9DDE312B1C21C4E600245408 /* MapScreenControllerSpec.mm in Sources */ = {isa = PBXBuildFile; fileRef = 9DDE312A1C21C4E600245408 /* MapScreenControllerSpec.mm */; };
		FD6306847ACBEE67AB6F12F4 /* libPods-FireflyApp.a in Frameworks */ = {isa = PBXBuildFile; fileRef = 3832A687DE50C5E722BCF178 /* libPods-FireflyApp.a */; };
/* End PBXBuildFile section */

/* Begin PBXContainerItemProxy section */
		9DA2471B1BA5EDE600088013 /* PBXContainerItemProxy */ = {
			isa = PBXContainerItemProxy;
			containerPortal = 9DA246F91BA5EDE600088013 /* Project object */;
			proxyType = 1;
			remoteGlobalIDString = 9DA247001BA5EDE600088013;
			remoteInfo = FireflyApp;
		};
/* End PBXContainerItemProxy section */

/* Begin PBXFileReference section */
		05A51A995421BD96BBCD00BA /* libPods-FireflyAppTests.a */ = {isa = PBXFileReference; explicitFileType = archive.ar; includeInIndex = 0; path = "libPods-FireflyAppTests.a"; sourceTree = BUILT_PRODUCTS_DIR; };
		3832A687DE50C5E722BCF178 /* libPods-FireflyApp.a */ = {isa = PBXFileReference; explicitFileType = archive.ar; includeInIndex = 0; path = "libPods-FireflyApp.a"; sourceTree = BUILT_PRODUCTS_DIR; };
		44F1A7C2291FD3E68395EA56 /* Pods-FireflyApp.release.xcconfig */ = {isa = PBXFileReference; includeInIndex = 1; lastKnownFileType = text.xcconfig; name = "Pods-FireflyApp.release.xcconfig"; path = "Pods/Target Support Files/Pods-FireflyApp/Pods-FireflyApp.release.xcconfig"; sourceTree = "<group>"; };
		9D19A3E61BB11E4B000D3C07 /* AppDelegateSpec.mm */ = {isa = PBXFileReference; fileEncoding = 4; lastKnownFileType = sourcecode.cpp.objcpp; path = AppDelegateSpec.mm; sourceTree = "<group>"; };
		9D19A3E81BB11EC5000D3C07 /* FireflyClientSpec.mm */ = {isa = PBXFileReference; fileEncoding = 4; lastKnownFileType = sourcecode.cpp.objcpp; path = FireflyClientSpec.mm; sourceTree = "<group>"; };
		9D1FD19D1BB27B0900577EB7 /* SignInControllerSpec.mm */ = {isa = PBXFileReference; fileEncoding = 4; lastKnownFileType = sourcecode.cpp.objcpp; path = SignInControllerSpec.mm; sourceTree = "<group>"; };
		9D698B9B1BE1F211004014A1 /* server.cer */ = {isa = PBXFileReference; fileEncoding = 4; lastKnownFileType = text; path = server.cer; sourceTree = "<group>"; };
		9DA247011BA5EDE600088013 /* FireflyApp.app */ = {isa = PBXFileReference; explicitFileType = wrapper.application; includeInIndex = 0; path = FireflyApp.app; sourceTree = BUILT_PRODUCTS_DIR; };
		9DA247051BA5EDE600088013 /* Info.plist */ = {isa = PBXFileReference; lastKnownFileType = text.plist.xml; path = Info.plist; sourceTree = "<group>"; };
		9DA247061BA5EDE600088013 /* main.m */ = {isa = PBXFileReference; lastKnownFileType = sourcecode.c.objc; path = main.m; sourceTree = "<group>"; };
		9DA247081BA5EDE600088013 /* AppDelegate.h */ = {isa = PBXFileReference; lastKnownFileType = sourcecode.c.h; path = AppDelegate.h; sourceTree = "<group>"; };
		9DA247091BA5EDE600088013 /* AppDelegate.m */ = {isa = PBXFileReference; lastKnownFileType = sourcecode.c.objc; path = AppDelegate.m; sourceTree = "<group>"; };
		9DA2470B1BA5EDE600088013 /* SignInController.h */ = {isa = PBXFileReference; lastKnownFileType = sourcecode.c.h; path = SignInController.h; sourceTree = "<group>"; };
		9DA2470C1BA5EDE600088013 /* SignInController.m */ = {isa = PBXFileReference; lastKnownFileType = sourcecode.c.objc; path = SignInController.m; sourceTree = "<group>"; };
		9DA247111BA5EDE600088013 /* Images.xcassets */ = {isa = PBXFileReference; lastKnownFileType = folder.assetcatalog; path = Images.xcassets; sourceTree = "<group>"; };
		9DA247141BA5EDE600088013 /* Base */ = {isa = PBXFileReference; lastKnownFileType = file.xib; name = Base; path = Base.lproj/LaunchScreen.xib; sourceTree = "<group>"; };
		9DA2471A1BA5EDE600088013 /* FireflyAppTests.xctest */ = {isa = PBXFileReference; explicitFileType = wrapper.cfbundle; includeInIndex = 0; path = FireflyAppTests.xctest; sourceTree = BUILT_PRODUCTS_DIR; };
		9DA2471F1BA5EDE600088013 /* Info.plist */ = {isa = PBXFileReference; lastKnownFileType = text.plist.xml; path = Info.plist; sourceTree = "<group>"; };
		9DA2472C1BA5F2E400088013 /* FireflyClient.h */ = {isa = PBXFileReference; fileEncoding = 4; lastKnownFileType = sourcecode.c.h; path = FireflyClient.h; sourceTree = "<group>"; };
		9DA2472D1BA5F2E400088013 /* FireflyClient.m */ = {isa = PBXFileReference; fileEncoding = 4; lastKnownFileType = sourcecode.c.objc; path = FireflyClient.m; sourceTree = "<group>"; };
		9DA531C41C2C542C008BECCA /* Settings.bundle */ = {isa = PBXFileReference; lastKnownFileType = "wrapper.plug-in"; path = Settings.bundle; sourceTree = "<group>"; };
		9DDE311E1C13CA1900245408 /* MapScreenController.h */ = {isa = PBXFileReference; fileEncoding = 4; lastKnownFileType = sourcecode.c.h; path = MapScreenController.h; sourceTree = "<group>"; };
		9DDE311F1C13CA1900245408 /* MapScreenController.m */ = {isa = PBXFileReference; fileEncoding = 4; lastKnownFileType = sourcecode.c.objc; path = MapScreenController.m; sourceTree = "<group>"; };
		9DDE31241C15EC1200245408 /* StandardSegue.h */ = {isa = PBXFileReference; fileEncoding = 4; lastKnownFileType = sourcecode.c.h; path = StandardSegue.h; sourceTree = "<group>"; };
		9DDE31251C15EC1200245408 /* StandardSegue.m */ = {isa = PBXFileReference; fileEncoding = 4; lastKnownFileType = sourcecode.c.objc; path = StandardSegue.m; sourceTree = "<group>"; };
		9DDE312A1C21C4E600245408 /* MapScreenControllerSpec.mm */ = {isa = PBXFileReference; fileEncoding = 4; lastKnownFileType = sourcecode.cpp.objcpp; path = MapScreenControllerSpec.mm; sourceTree = "<group>"; };
		B0F01F01E607D699A66F8BA1 /* Pods-FireflyApp.debug.xcconfig */ = {isa = PBXFileReference; includeInIndex = 1; lastKnownFileType = text.xcconfig; name = "Pods-FireflyApp.debug.xcconfig"; path = "Pods/Target Support Files/Pods-FireflyApp/Pods-FireflyApp.debug.xcconfig"; sourceTree = "<group>"; };
		FCA25C8D0270E4D31F778837 /* Pods-FireflyAppTests.release.xcconfig */ = {isa = PBXFileReference; includeInIndex = 1; lastKnownFileType = text.xcconfig; name = "Pods-FireflyAppTests.release.xcconfig"; path = "Pods/Target Support Files/Pods-FireflyAppTests/Pods-FireflyAppTests.release.xcconfig"; sourceTree = "<group>"; };
		FF6661EADC0CE9A8E3B93F18 /* Pods-FireflyAppTests.debug.xcconfig */ = {isa = PBXFileReference; includeInIndex = 1; lastKnownFileType = text.xcconfig; name = "Pods-FireflyAppTests.debug.xcconfig"; path = "Pods/Target Support Files/Pods-FireflyAppTests/Pods-FireflyAppTests.debug.xcconfig"; sourceTree = "<group>"; };
/* End PBXFileReference section */

/* Begin PBXFrameworksBuildPhase section */
		9DA246FE1BA5EDE600088013 /* Frameworks */ = {
			isa = PBXFrameworksBuildPhase;
			buildActionMask = 2147483647;
			files = (
				FD6306847ACBEE67AB6F12F4 /* libPods-FireflyApp.a in Frameworks */,
			);
			runOnlyForDeploymentPostprocessing = 0;
		};
		9DA247171BA5EDE600088013 /* Frameworks */ = {
			isa = PBXFrameworksBuildPhase;
			buildActionMask = 2147483647;
			files = (
				266AA2823C6DEC3E5DA8AB47 /* libPods-FireflyAppTests.a in Frameworks */,
			);
			runOnlyForDeploymentPostprocessing = 0;
		};
/* End PBXFrameworksBuildPhase section */

/* Begin PBXGroup section */
		08168B572D8CE9A6444E5D44 /* Frameworks */ = {
			isa = PBXGroup;
			children = (
				05A51A995421BD96BBCD00BA /* libPods-FireflyAppTests.a */,
				3832A687DE50C5E722BCF178 /* libPods-FireflyApp.a */,
			);
			name = Frameworks;
			sourceTree = "<group>";
		};
		953F4F0E7B5DEED0CBA3D7AE /* Pods */ = {
			isa = PBXGroup;
			children = (
				FF6661EADC0CE9A8E3B93F18 /* Pods-FireflyAppTests.debug.xcconfig */,
				FCA25C8D0270E4D31F778837 /* Pods-FireflyAppTests.release.xcconfig */,
				B0F01F01E607D699A66F8BA1 /* Pods-FireflyApp.debug.xcconfig */,
				44F1A7C2291FD3E68395EA56 /* Pods-FireflyApp.release.xcconfig */,
			);
			name = Pods;
			sourceTree = "<group>";
		};
		9DA246F81BA5EDE600088013 = {
			isa = PBXGroup;
			children = (
				9DA247031BA5EDE600088013 /* FireflyApp */,
				9DA2471D1BA5EDE600088013 /* FireflyAppTests */,
				9DA247021BA5EDE600088013 /* Products */,
				953F4F0E7B5DEED0CBA3D7AE /* Pods */,
				08168B572D8CE9A6444E5D44 /* Frameworks */,
			);
			sourceTree = "<group>";
		};
		9DA247021BA5EDE600088013 /* Products */ = {
			isa = PBXGroup;
			children = (
				9DA247011BA5EDE600088013 /* FireflyApp.app */,
				9DA2471A1BA5EDE600088013 /* FireflyAppTests.xctest */,
			);
			name = Products;
			sourceTree = "<group>";
		};
		9DA247031BA5EDE600088013 /* FireflyApp */ = {
			isa = PBXGroup;
			children = (
				9DA531C41C2C542C008BECCA /* Settings.bundle */,
				9DA247081BA5EDE600088013 /* AppDelegate.h */,
				9DA247091BA5EDE600088013 /* AppDelegate.m */,
				9DA2470B1BA5EDE600088013 /* SignInController.h */,
				9DA2470C1BA5EDE600088013 /* SignInController.m */,
				9DDE311E1C13CA1900245408 /* MapScreenController.h */,
				9DDE311F1C13CA1900245408 /* MapScreenController.m */,
				9DA247111BA5EDE600088013 /* Images.xcassets */,
				9DA247131BA5EDE600088013 /* LaunchScreen.xib */,
				9DA247041BA5EDE600088013 /* Supporting Files */,
				9DA2472C1BA5F2E400088013 /* FireflyClient.h */,
				9DA2472D1BA5F2E400088013 /* FireflyClient.m */,
				9DDE31241C15EC1200245408 /* StandardSegue.h */,
				9DDE31251C15EC1200245408 /* StandardSegue.m */,
			);
			path = FireflyApp;
			sourceTree = "<group>";
		};
		9DA247041BA5EDE600088013 /* Supporting Files */ = {
			isa = PBXGroup;
			children = (
				9D698B9B1BE1F211004014A1 /* server.cer */,
				9DA247051BA5EDE600088013 /* Info.plist */,
				9DA247061BA5EDE600088013 /* main.m */,
			);
			name = "Supporting Files";
			sourceTree = "<group>";
		};
		9DA2471D1BA5EDE600088013 /* FireflyAppTests */ = {
			isa = PBXGroup;
			children = (
				9DA2471E1BA5EDE600088013 /* Supporting Files */,
				9D19A3E61BB11E4B000D3C07 /* AppDelegateSpec.mm */,
				9D19A3E81BB11EC5000D3C07 /* FireflyClientSpec.mm */,
				9D1FD19D1BB27B0900577EB7 /* SignInControllerSpec.mm */,
				9DDE312A1C21C4E600245408 /* MapScreenControllerSpec.mm */,
			);
			path = FireflyAppTests;
			sourceTree = "<group>";
		};
		9DA2471E1BA5EDE600088013 /* Supporting Files */ = {
			isa = PBXGroup;
			children = (
				9DA2471F1BA5EDE600088013 /* Info.plist */,
			);
			name = "Supporting Files";
			sourceTree = "<group>";
		};
/* End PBXGroup section */

/* Begin PBXNativeTarget section */
		9DA247001BA5EDE600088013 /* FireflyApp */ = {
			isa = PBXNativeTarget;
			buildConfigurationList = 9DA247241BA5EDE700088013 /* Build configuration list for PBXNativeTarget "FireflyApp" */;
			buildPhases = (
				1D47557CB44308F76ED19102 /* Check Pods Manifest.lock */,
				9DA246FD1BA5EDE600088013 /* Sources */,
				9DA246FE1BA5EDE600088013 /* Frameworks */,
				9DA246FF1BA5EDE600088013 /* Resources */,
				C0D2B87D22E6184FAC2C7956 /* Copy Pods Resources */,
				6B0BFC116590E4C3FBF4CEAA /* Embed Pods Frameworks */,
			);
			buildRules = (
			);
			dependencies = (
			);
			name = FireflyApp;
			productName = FireflyApp;
			productReference = 9DA247011BA5EDE600088013 /* FireflyApp.app */;
			productType = "com.apple.product-type.application";
		};
		9DA247191BA5EDE600088013 /* FireflyAppTests */ = {
			isa = PBXNativeTarget;
			buildConfigurationList = 9DA247271BA5EDE700088013 /* Build configuration list for PBXNativeTarget "FireflyAppTests" */;
			buildPhases = (
				98BA0833E3049795B7BB78BB /* Check Pods Manifest.lock */,
				9DA247161BA5EDE600088013 /* Sources */,
				9DA247171BA5EDE600088013 /* Frameworks */,
				9DA247181BA5EDE600088013 /* Resources */,
				74DAA25B5D0FE2C1D7858BA1 /* Copy Pods Resources */,
				863DD35F47FE78146C84256D /* Embed Pods Frameworks */,
			);
			buildRules = (
			);
			dependencies = (
				9DA2471C1BA5EDE600088013 /* PBXTargetDependency */,
			);
			name = FireflyAppTests;
			productName = FireflyAppTests;
			productReference = 9DA2471A1BA5EDE600088013 /* FireflyAppTests.xctest */;
			productType = "com.apple.product-type.bundle.unit-test";
		};
/* End PBXNativeTarget section */

/* Begin PBXProject section */
		9DA246F91BA5EDE600088013 /* Project object */ = {
			isa = PBXProject;
			attributes = {
				LastUpgradeCheck = 0630;
				ORGANIZATIONNAME = Black_Shark;
				TargetAttributes = {
					9DA247001BA5EDE600088013 = {
						CreatedOnToolsVersion = 6.3.1;
					};
					9DA247191BA5EDE600088013 = {
						CreatedOnToolsVersion = 6.3.1;
						TestTargetID = 9DA247001BA5EDE600088013;
					};
				};
			};
			buildConfigurationList = 9DA246FC1BA5EDE600088013 /* Build configuration list for PBXProject "FireflyApp" */;
			compatibilityVersion = "Xcode 3.2";
			developmentRegion = English;
			hasScannedForEncodings = 0;
			knownRegions = (
				en,
				Base,
			);
			mainGroup = 9DA246F81BA5EDE600088013;
			productRefGroup = 9DA247021BA5EDE600088013 /* Products */;
			projectDirPath = "";
			projectRoot = "";
			targets = (
				9DA247001BA5EDE600088013 /* FireflyApp */,
				9DA247191BA5EDE600088013 /* FireflyAppTests */,
			);
		};
/* End PBXProject section */

/* Begin PBXResourcesBuildPhase section */
		9DA246FF1BA5EDE600088013 /* Resources */ = {
			isa = PBXResourcesBuildPhase;
			buildActionMask = 2147483647;
			files = (
				9DA531C51C2C542C008BECCA /* Settings.bundle in Resources */,
				9DA247151BA5EDE600088013 /* LaunchScreen.xib in Resources */,
				9DA247121BA5EDE600088013 /* Images.xcassets in Resources */,
				9D698B9C1BE1F211004014A1 /* server.cer in Resources */,
			);
			runOnlyForDeploymentPostprocessing = 0;
		};
		9DA247181BA5EDE600088013 /* Resources */ = {
			isa = PBXResourcesBuildPhase;
			buildActionMask = 2147483647;
			files = (
			);
			runOnlyForDeploymentPostprocessing = 0;
		};
/* End PBXResourcesBuildPhase section */

/* Begin PBXShellScriptBuildPhase section */
		1D47557CB44308F76ED19102 /* Check Pods Manifest.lock */ = {
			isa = PBXShellScriptBuildPhase;
			buildActionMask = 2147483647;
			files = (
			);
			inputPaths = (
			);
			name = "Check Pods Manifest.lock";
			outputPaths = (
			);
			runOnlyForDeploymentPostprocessing = 0;
			shellPath = /bin/sh;
			shellScript = "diff \"${PODS_ROOT}/../Podfile.lock\" \"${PODS_ROOT}/Manifest.lock\" > /dev/null\nif [[ $? != 0 ]] ; then\n    cat << EOM\nerror: The sandbox is not in sync with the Podfile.lock. Run 'pod install' or update your CocoaPods installation.\nEOM\n    exit 1\nfi\n";
			showEnvVarsInLog = 0;
		};
		6B0BFC116590E4C3FBF4CEAA /* Embed Pods Frameworks */ = {
			isa = PBXShellScriptBuildPhase;
			buildActionMask = 2147483647;
			files = (
			);
			inputPaths = (
			);
			name = "Embed Pods Frameworks";
			outputPaths = (
			);
			runOnlyForDeploymentPostprocessing = 0;
			shellPath = /bin/sh;
			shellScript = "\"${SRCROOT}/Pods/Target Support Files/Pods-FireflyApp/Pods-FireflyApp-frameworks.sh\"\n";
			showEnvVarsInLog = 0;
		};
		74DAA25B5D0FE2C1D7858BA1 /* Copy Pods Resources */ = {
			isa = PBXShellScriptBuildPhase;
			buildActionMask = 2147483647;
			files = (
			);
			inputPaths = (
			);
			name = "Copy Pods Resources";
			outputPaths = (
			);
			runOnlyForDeploymentPostprocessing = 0;
			shellPath = /bin/sh;
			shellScript = "\"${SRCROOT}/Pods/Target Support Files/Pods-FireflyAppTests/Pods-FireflyAppTests-resources.sh\"\n";
			showEnvVarsInLog = 0;
		};
		863DD35F47FE78146C84256D /* Embed Pods Frameworks */ = {
			isa = PBXShellScriptBuildPhase;
			buildActionMask = 2147483647;
			files = (
			);
			inputPaths = (
			);
			name = "Embed Pods Frameworks";
			outputPaths = (
			);
			runOnlyForDeploymentPostprocessing = 0;
			shellPath = /bin/sh;
			shellScript = "\"${SRCROOT}/Pods/Target Support Files/Pods-FireflyAppTests/Pods-FireflyAppTests-frameworks.sh\"\n";
			showEnvVarsInLog = 0;
		};
		98BA0833E3049795B7BB78BB /* Check Pods Manifest.lock */ = {
			isa = PBXShellScriptBuildPhase;
			buildActionMask = 2147483647;
			files = (
			);
			inputPaths = (
			);
			name = "Check Pods Manifest.lock";
			outputPaths = (
			);
			runOnlyForDeploymentPostprocessing = 0;
			shellPath = /bin/sh;
			shellScript = "diff \"${PODS_ROOT}/../Podfile.lock\" \"${PODS_ROOT}/Manifest.lock\" > /dev/null\nif [[ $? != 0 ]] ; then\n    cat << EOM\nerror: The sandbox is not in sync with the Podfile.lock. Run 'pod install' or update your CocoaPods installation.\nEOM\n    exit 1\nfi\n";
			showEnvVarsInLog = 0;
		};
		C0D2B87D22E6184FAC2C7956 /* Copy Pods Resources */ = {
			isa = PBXShellScriptBuildPhase;
			buildActionMask = 2147483647;
			files = (
			);
			inputPaths = (
			);
			name = "Copy Pods Resources";
			outputPaths = (
			);
			runOnlyForDeploymentPostprocessing = 0;
			shellPath = /bin/sh;
			shellScript = "\"${SRCROOT}/Pods/Target Support Files/Pods-FireflyApp/Pods-FireflyApp-resources.sh\"\n";
			showEnvVarsInLog = 0;
		};
/* End PBXShellScriptBuildPhase section */

/* Begin PBXSourcesBuildPhase section */
		9DA246FD1BA5EDE600088013 /* Sources */ = {
			isa = PBXSourcesBuildPhase;
			buildActionMask = 2147483647;
			files = (
				9DDE31261C15EC1200245408 /* StandardSegue.m in Sources */,
				9DA2470D1BA5EDE600088013 /* SignInController.m in Sources */,
				9DA2470A1BA5EDE600088013 /* AppDelegate.m in Sources */,
				9DA2472E1BA5F2E400088013 /* FireflyClient.m in Sources */,
				9DA247071BA5EDE600088013 /* main.m in Sources */,
				9DDE31201C13CA1900245408 /* MapScreenController.m in Sources */,
			);
			runOnlyForDeploymentPostprocessing = 0;
		};
		9DA247161BA5EDE600088013 /* Sources */ = {
			isa = PBXSourcesBuildPhase;
			buildActionMask = 2147483647;
			files = (
				9D19A3E71BB11E4B000D3C07 /* AppDelegateSpec.mm in Sources */,
				9D1FD19E1BB27B0900577EB7 /* SignInControllerSpec.mm in Sources */,
				9D19A3E91BB11EC5000D3C07 /* FireflyClientSpec.mm in Sources */,
				9DDE312B1C21C4E600245408 /* MapScreenControllerSpec.mm in Sources */,
			);
			runOnlyForDeploymentPostprocessing = 0;
		};
/* End PBXSourcesBuildPhase section */

/* Begin PBXTargetDependency section */
		9DA2471C1BA5EDE600088013 /* PBXTargetDependency */ = {
			isa = PBXTargetDependency;
			target = 9DA247001BA5EDE600088013 /* FireflyApp */;
			targetProxy = 9DA2471B1BA5EDE600088013 /* PBXContainerItemProxy */;
		};
/* End PBXTargetDependency section */

/* Begin PBXVariantGroup section */
		9DA247131BA5EDE600088013 /* LaunchScreen.xib */ = {
			isa = PBXVariantGroup;
			children = (
				9DA247141BA5EDE600088013 /* Base */,
			);
			name = LaunchScreen.xib;
			sourceTree = "<group>";
		};
/* End PBXVariantGroup section */

/* Begin XCBuildConfiguration section */
		9DA247221BA5EDE700088013 /* Debug */ = {
			isa = XCBuildConfiguration;
			buildSettings = {
				ALWAYS_SEARCH_USER_PATHS = NO;
				CLANG_CXX_LANGUAGE_STANDARD = "gnu++0x";
				CLANG_CXX_LIBRARY = "libc++";
				CLANG_ENABLE_MODULES = YES;
				CLANG_ENABLE_OBJC_ARC = YES;
				CLANG_WARN_BOOL_CONVERSION = YES;
				CLANG_WARN_CONSTANT_CONVERSION = YES;
				CLANG_WARN_DIRECT_OBJC_ISA_USAGE = YES_ERROR;
				CLANG_WARN_EMPTY_BODY = YES;
				CLANG_WARN_ENUM_CONVERSION = YES;
				CLANG_WARN_INT_CONVERSION = YES;
				CLANG_WARN_OBJC_ROOT_CLASS = YES_ERROR;
				CLANG_WARN_UNREACHABLE_CODE = YES;
				CLANG_WARN__DUPLICATE_METHOD_MATCH = YES;
				"CODE_SIGN_IDENTITY[sdk=iphoneos*]" = "iPhone Developer";
				COPY_PHASE_STRIP = NO;
				DEBUG_INFORMATION_FORMAT = "dwarf-with-dsym";
				ENABLE_STRICT_OBJC_MSGSEND = YES;
				GCC_C_LANGUAGE_STANDARD = gnu99;
				GCC_DYNAMIC_NO_PIC = NO;
				GCC_NO_COMMON_BLOCKS = YES;
				GCC_OPTIMIZATION_LEVEL = 0;
				GCC_PREPROCESSOR_DEFINITIONS = (
					"DEBUG=1",
					"$(inherited)",
				);
				GCC_SYMBOLS_PRIVATE_EXTERN = NO;
				GCC_WARN_64_TO_32_BIT_CONVERSION = YES;
				GCC_WARN_ABOUT_RETURN_TYPE = YES_ERROR;
				GCC_WARN_UNDECLARED_SELECTOR = YES;
				GCC_WARN_UNINITIALIZED_AUTOS = YES_AGGRESSIVE;
				GCC_WARN_UNUSED_FUNCTION = YES;
				GCC_WARN_UNUSED_VARIABLE = YES;
				IPHONEOS_DEPLOYMENT_TARGET = 8.3;
				MTL_ENABLE_DEBUG_INFO = YES;
				ONLY_ACTIVE_ARCH = YES;
				SDKROOT = iphoneos;
			};
			name = Debug;
		};
		9DA247231BA5EDE700088013 /* Release */ = {
			isa = XCBuildConfiguration;
			buildSettings = {
				ALWAYS_SEARCH_USER_PATHS = NO;
				CLANG_CXX_LANGUAGE_STANDARD = "gnu++0x";
				CLANG_CXX_LIBRARY = "libc++";
				CLANG_ENABLE_MODULES = YES;
				CLANG_ENABLE_OBJC_ARC = YES;
				CLANG_WARN_BOOL_CONVERSION = YES;
				CLANG_WARN_CONSTANT_CONVERSION = YES;
				CLANG_WARN_DIRECT_OBJC_ISA_USAGE = YES_ERROR;
				CLANG_WARN_EMPTY_BODY = YES;
				CLANG_WARN_ENUM_CONVERSION = YES;
				CLANG_WARN_INT_CONVERSION = YES;
				CLANG_WARN_OBJC_ROOT_CLASS = YES_ERROR;
				CLANG_WARN_UNREACHABLE_CODE = YES;
				CLANG_WARN__DUPLICATE_METHOD_MATCH = YES;
				"CODE_SIGN_IDENTITY[sdk=iphoneos*]" = "iPhone Developer";
				COPY_PHASE_STRIP = NO;
				DEBUG_INFORMATION_FORMAT = "dwarf-with-dsym";
				ENABLE_NS_ASSERTIONS = NO;
				ENABLE_STRICT_OBJC_MSGSEND = YES;
				GCC_C_LANGUAGE_STANDARD = gnu99;
				GCC_NO_COMMON_BLOCKS = YES;
				GCC_WARN_64_TO_32_BIT_CONVERSION = YES;
				GCC_WARN_ABOUT_RETURN_TYPE = YES_ERROR;
				GCC_WARN_UNDECLARED_SELECTOR = YES;
				GCC_WARN_UNINITIALIZED_AUTOS = YES_AGGRESSIVE;
				GCC_WARN_UNUSED_FUNCTION = YES;
				GCC_WARN_UNUSED_VARIABLE = YES;
				IPHONEOS_DEPLOYMENT_TARGET = 8.3;
				MTL_ENABLE_DEBUG_INFO = NO;
				SDKROOT = iphoneos;
				VALIDATE_PRODUCT = YES;
			};
			name = Release;
		};
		9DA247251BA5EDE700088013 /* Debug */ = {
			isa = XCBuildConfiguration;
			baseConfigurationReference = B0F01F01E607D699A66F8BA1 /* Pods-FireflyApp.debug.xcconfig */;
			buildSettings = {
				ASSETCATALOG_COMPILER_APPICON_NAME = AppIcon;
				INFOPLIST_FILE = FireflyApp/Info.plist;
				LD_RUNPATH_SEARCH_PATHS = "$(inherited) @executable_path/Frameworks";
				PRODUCT_NAME = "$(TARGET_NAME)";
			};
			name = Debug;
		};
		9DA247261BA5EDE700088013 /* Release */ = {
			isa = XCBuildConfiguration;
			baseConfigurationReference = 44F1A7C2291FD3E68395EA56 /* Pods-FireflyApp.release.xcconfig */;
			buildSettings = {
				ASSETCATALOG_COMPILER_APPICON_NAME = AppIcon;
				INFOPLIST_FILE = FireflyApp/Info.plist;
				LD_RUNPATH_SEARCH_PATHS = "$(inherited) @executable_path/Frameworks";
				PRODUCT_NAME = "$(TARGET_NAME)";
			};
			name = Release;
		};
		9DA247281BA5EDE700088013 /* Debug */ = {
			isa = XCBuildConfiguration;
			baseConfigurationReference = FF6661EADC0CE9A8E3B93F18 /* Pods-FireflyAppTests.debug.xcconfig */;
			buildSettings = {
				BUNDLE_LOADER = "$(TEST_HOST)";
				FRAMEWORK_SEARCH_PATHS = (
					"$(SDKROOT)/Developer/Library/Frameworks",
					"$(inherited)",
				);
				GCC_PREPROCESSOR_DEFINITIONS = (
					"DEBUG=1",
					"$(inherited)",
				);
				INFOPLIST_FILE = FireflyAppTests/Info.plist;
				LD_RUNPATH_SEARCH_PATHS = "$(inherited) @executable_path/Frameworks @loader_path/Frameworks";
				PRODUCT_NAME = "$(TARGET_NAME)";
				TEST_HOST = "$(BUILT_PRODUCTS_DIR)/FireflyApp.app/FireflyApp";
			};
			name = Debug;
		};
		9DA247291BA5EDE700088013 /* Release */ = {
			isa = XCBuildConfiguration;
			baseConfigurationReference = FCA25C8D0270E4D31F778837 /* Pods-FireflyAppTests.release.xcconfig */;
			buildSettings = {
				BUNDLE_LOADER = "$(TEST_HOST)";
				FRAMEWORK_SEARCH_PATHS = (
					"$(SDKROOT)/Developer/Library/Frameworks",
					"$(inherited)",
				);
				INFOPLIST_FILE = FireflyAppTests/Info.plist;
				LD_RUNPATH_SEARCH_PATHS = "$(inherited) @executable_path/Frameworks @loader_path/Frameworks";
				PRODUCT_NAME = "$(TARGET_NAME)";
				TEST_HOST = "$(BUILT_PRODUCTS_DIR)/FireflyApp.app/FireflyApp";
			};
			name = Release;
		};
/* End XCBuildConfiguration section */

/* Begin XCConfigurationList section */
		9DA246FC1BA5EDE600088013 /* Build configuration list for PBXProject "FireflyApp" */ = {
			isa = XCConfigurationList;
			buildConfigurations = (
				9DA247221BA5EDE700088013 /* Debug */,
				9DA247231BA5EDE700088013 /* Release */,
			);
			defaultConfigurationIsVisible = 0;
			defaultConfigurationName = Release;
		};
		9DA247241BA5EDE700088013 /* Build configuration list for PBXNativeTarget "FireflyApp" */ = {
			isa = XCConfigurationList;
			buildConfigurations = (
				9DA247251BA5EDE700088013 /* Debug */,
				9DA247261BA5EDE700088013 /* Release */,
			);
			defaultConfigurationIsVisible = 0;
			defaultConfigurationName = Release;
		};
		9DA247271BA5EDE700088013 /* Build configuration list for PBXNativeTarget "FireflyAppTests" */ = {
			isa = XCConfigurationList;
			buildConfigurations = (
				9DA247281BA5EDE700088013 /* Debug */,
				9DA247291BA5EDE700088013 /* Release */,
			);
			defaultConfigurationIsVisible = 0;
			defaultConfigurationName = Release;
		};
/* End XCConfigurationList section */
	};
	rootObject = 9DA246F91BA5EDE600088013 /* Project object */;
}
